<?xml version="1.0" encoding="utf-8"?>
<Project ToolsVersion="4.0" xmlns="http://schemas.microsoft.com/developer/msbuild/2003">
  <ItemGroup>
    <Filter Include="Source Files">
      <UniqueIdentifier>{4FC737F1-C7A5-4376-A066-2A32D752A2FF}</UniqueIdentifier>
      <Extensions>cpp;c;cc;cxx;c++;cppm;ixx;def;odl;idl;hpj;bat;asm;asmx</Extensions>
    </Filter>
    <Filter Include="Resource Files">
      <UniqueIdentifier>{67DA6AB6-F800-4c08-8B7A-83BB121AAD01}</UniqueIdentifier>
      <Extensions>rc;ico;cur;bmp;dlg;rc2;rct;bin;rgs;gif;jpg;jpeg;jpe;resx;tiff;tif;png;wav;mfcribbon-ms</Extensions>
    </Filter>
    <Filter Include="Assets">
      <UniqueIdentifier>{22befa7b-1231-41e1-9a68-7e62cee01eea}</UniqueIdentifier>
    </Filter>
  </ItemGroup>
  <ItemGroup>
    <ClCompile Include="Animation.cpp">
      <Filter>Source Files</Filter>
    </ClCompile>
    <ClCompile Include="BinaryReaderWriter.cpp">
      <Filter>Source Files</Filter>
    </ClCompile>
    <ClCompile Include="CameraEngine.cpp">
      <Filter>Source Files</Filter>
    </ClCompile>
    <ClCompile Include="Constants.cpp">
      <Filter>Source Files</Filter>
    </ClCompile>
    <ClCompile Include="ContentLoader.cpp">
      <Filter>Source Files</Filter>
    </ClCompile>
    <ClCompile Include="Engine.cpp">
      <Filter>Source Files</Filter>
    </ClCompile>
    <ClCompile Include="FontResource.cpp">
      <Filter>Source Files</Filter>
    </ClCompile>
    <ClCompile Include="GameTime.cpp">
      <Filter>Source Files</Filter>
    </ClCompile>
    <ClCompile Include="Main.cpp">
      <Filter>Source Files</Filter>
    </ClCompile>
    <ClCompile Include="XGameInput.cpp">
      <Filter>Source Files</Filter>
    </ClCompile>
    <ClCompile Include="XModelMesh.cpp">
      <Filter>Source Files</Filter>
    </ClCompile>
    <ClCompile Include="ScreenManagerSystem.cpp">
      <Filter>Source Files</Filter>
    </ClCompile>
    <ClCompile Include="ContentOverlay.cpp">
      <Filter>Source Files</Filter>
    </ClCompile>
    <ClCompile Include="TextureResource.cpp">
      <Filter>Source Files</Filter>
    </ClCompile>
    <ClCompile Include="ContentWindow.cpp">
      <Filter>Source Files</Filter>
    </ClCompile>
    <ClCompile Include="XWicLoader.cpp">
      <Filter>Source Files</Filter>
    </ClCompile>
    <ClCompile Include="BinaryCacheLoader.cpp">
      <Filter>Source Files</Filter>
    </ClCompile>
  </ItemGroup>
  <ItemGroup>
    <ClInclude Include="Animation.h">
      <Filter>Source Files</Filter>
    </ClInclude>
    <ClInclude Include="BinaryReaderWriter.h">
      <Filter>Source Files</Filter>
    </ClInclude>
    <ClInclude Include="CameraEngine.h">
      <Filter>Source Files</Filter>
    </ClInclude>
    <ClInclude Include="Constants.h">
      <Filter>Source Files</Filter>
    </ClInclude>
    <ClInclude Include="ContentLoader.h">
      <Filter>Source Files</Filter>
    </ClInclude>
    <ClInclude Include="ContentWindow.h">
      <Filter>Source Files</Filter>
    </ClInclude>
    <ClInclude Include="Engine.h">
      <Filter>Source Files</Filter>
    </ClInclude>
    <ClInclude Include="FontResource.h">
      <Filter>Source Files</Filter>
    </ClInclude>
    <ClInclude Include="GameTime.h">
      <Filter>Source Files</Filter>
    </ClInclude>
    <ClInclude Include="XGameInput.h">
      <Filter>Source Files</Filter>
    </ClInclude>
    <ClInclude Include="XModelMesh.h">
      <Filter>Source Files</Filter>
    </ClInclude>
    <ClInclude Include="ScreenManagerSystem.h">
      <Filter>Source Files</Filter>
    </ClInclude>
    <ClInclude Include="ContentOverlay.h">
      <Filter>Source Files</Filter>
    </ClInclude>
    <ClInclude Include="TextureResource.h">
      <Filter>Source Files</Filter>
    </ClInclude>
    <ClInclude Include="XWicLoader.h">
      <Filter>Source Files</Filter>
    </ClInclude>
    <ClInclude Include="BinaryCacheLoader.h">
      <Filter>Source Files</Filter>
    </ClInclude>
  </ItemGroup>
  <ItemGroup>
    <Image Include="Assets\0_FONT.PNG">
      <Filter>Assets</Filter>
    </Image>
    <Image Include="Assets\0_UFONT.PNG">
      <Filter>Assets</Filter>
    </Image>
    <Image Include="Assets\1.png">
      <Filter>Assets</Filter>
    </Image>
    <Image Include="Assets\1_FONT.PNG">
      <Filter>Assets</Filter>
    </Image>
    <Image Include="Assets\2.png">
      <Filter>Assets</Filter>
    </Image>
    <Image Include="Assets\2_FONT.PNG">
      <Filter>Assets</Filter>
    </Image>
    <Image Include="Assets\3_FONT.PNG">
      <Filter>Assets</Filter>
    </Image>
    <Image Include="Assets\FloorTiles.PNG">
      <Filter>Assets</Filter>
    </Image>
    <Image Include="Assets\HM256.png">
      <Filter>Assets</Filter>
    </Image>
    <Image Include="Assets\Image_0.PNG">
      <Filter>Assets</Filter>
    </Image>
    <Image Include="Assets\Image_1.png">
      <Filter>Assets</Filter>
    </Image>
    <Image Include="Assets\Image_2.PNG">
      <Filter>Assets</Filter>
    </Image>
    <Image Include="Assets\MAP_REGION_LOADING.png">
      <Filter>Assets</Filter>
    </Image>
    <Image Include="Assets\RGB_TransparencyMap.png">
      <Filter>Assets</Filter>
    </Image>
    <Image Include="Assets\SMILEY512.png">
      <Filter>Assets</Filter>
    </Image>
    <Image Include="Assets\Wood.png">
      <Filter>Assets</Filter>
    </Image>
  </ItemGroup>
  <ItemGroup>
    <FxCompile Include="VertexShader.hlsl">
      <Filter>Source Files</Filter>
    </FxCompile>
    <FxCompile Include="PixelShader.hlsl">
      <Filter>Source Files</Filter>
    </FxCompile>
  </ItemGroup>
</Project>